<?xml version="1.0"?>
<CONFIG>
  <ProjectOptions>
    <Version Value="9"/>
    <PathDelim Value="\"/>
    <General>
      <MainUnit Value="0"/>
      <Title Value="PDFPrint"/>
      <ResourceType Value="res"/>
      <UseXPManifest Value="True"/>
      <XPManifest>
        <DpiAware Value="True"/>
      </XPManifest>
      <Icon Value="0"/>
      <ActiveWindowIndexAtStart Value="0"/>
    </General>
    <i18n>
      <EnableI18N LFM="False"/>
    </i18n>
    <VersionInfo>
      <StringTable ProductVersion=""/>
    </VersionInfo>
    <BuildModes Count="1" Active="Default">
      <Item1 Name="Default" Default="True"/>
    </BuildModes>
    <PublishOptions>
      <Version Value="2"/>
      <IncludeFileFilter Value="*.(pas|pp|inc|lfm|lpr|lrs|lpi|lpk|sh|xml)"/>
      <ExcludeFileFilter Value="*.(bak|ppu|o|so);*~;backup"/>
    </PublishOptions>
    <RunParams>
      <local>
        <FormatVersion Value="1"/>
      </local>
    </RunParams>
    <RequiredPackages Count="2">
      <Item1>
        <PackageName Value="Printer4Lazarus"/>
        <MinVersion Minor="5" Valid="True"/>
      </Item1>
      <Item2>
        <PackageName Value="LCL"/>
      </Item2>
    </RequiredPackages>
    <Units Count="9">
      <Unit0>
        <Filename Value="PDFPrint.lpr"/>
        <IsPartOfProject Value="True"/>
        <UnitName Value="PDFPrint"/>
        <EditorIndex Value="3"/>
        <WindowIndex Value="0"/>
        <TopLine Value="1"/>
        <CursorPos X="1" Y="20"/>
        <UsageCount Value="23"/>
        <Loaded Value="True"/>
      </Unit0>
      <Unit1>
        <Filename Value="main.pas"/>
        <IsPartOfProject Value="True"/>
        <ComponentName Value="frmMain"/>
        <ResourceBaseClass Value="Form"/>
        <UnitName Value="Main"/>
        <IsVisibleTab Value="True"/>
        <EditorIndex Value="0"/>
        <WindowIndex Value="0"/>
        <TopLine Value="40"/>
        <CursorPos X="50" Y="49"/>
        <UsageCount Value="23"/>
        <Loaded Value="True"/>
        <LoadedDesigner Value="True"/>
      </Unit1>
      <Unit2>
        <Filename Value="GhostScript.pas"/>
        <IsPartOfProject Value="True"/>
        <UnitName Value="GhostScript"/>
        <EditorIndex Value="1"/>
        <WindowIndex Value="0"/>
        <TopLine Value="1"/>
        <CursorPos X="15" Y="301"/>
        <UsageCount Value="22"/>
        <Loaded Value="True"/>
      </Unit2>
      <Unit3>
        <Filename Value="gsapi.pas"/>
        <IsPartOfProject Value="True"/>
        <UnitName Value="gsapi"/>
        <EditorIndex Value="2"/>
        <WindowIndex Value="0"/>
        <TopLine Value="1"/>
        <CursorPos X="1" Y="32"/>
        <UsageCount Value="22"/>
        <Loaded Value="True"/>
      </Unit3>
      <Unit4>
        <Filename Value="gsimage.pas"/>
        <UnitName Value="gsimage"/>
        <WindowIndex Value="0"/>
        <TopLine Value="1"/>
        <CursorPos X="1" Y="1"/>
        <UsageCount Value="10"/>
      </Unit4>
      <Unit5>
        <Filename Value="C:\lazarus\fpc\2.4.2\source\rtl\objpas\sysutils\finah.inc"/>
        <WindowIndex Value="0"/>
        <TopLine Value="3"/>
        <CursorPos X="10" Y="26"/>
        <UsageCount Value="10"/>
      </Unit5>
      <Unit6>
        <Filename Value="C:\lazarus\fpc\2.4.2\source\rtl\objpas\classes\classesh.inc"/>
        <WindowIndex Value="0"/>
        <TopLine Value="794"/>
        <CursorPos X="23" Y="826"/>
        <UsageCount Value="10"/>
      </Unit6>
      <Unit7>
        <Filename Value="C:\lazarus\components\printers\win32\winprinters.inc"/>
        <WindowIndex Value="0"/>
        <TopLine Value="66"/>
        <CursorPos X="1" Y="92"/>
        <UsageCount Value="10"/>
      </Unit7>
      <Unit8>
        <Filename Value="C:\lazarus\lcl\printers.pas"/>
        <UnitName Value="Printers"/>
        <WindowIndex Value="0"/>
        <TopLine Value="448"/>
        <CursorPos X="1" Y="468"/>
        <UsageCount Value="10"/>
      </Unit8>
    </Units>
    <JumpHistory Count="30" HistoryIndex="29">
      <Position1>
        <Filename Value="main.pas"/>
        <Caret Line="164" Column="1" TopLine="141"/>
      </Position1>
      <Position2>
        <Filename Value="main.pas"/>
        <Caret Line="177" Column="21" TopLine="167"/>
      </Position2>
      <Position3>
        <Filename Value="main.pas"/>
        <Caret Line="165" Column="29" TopLine="147"/>
      </Position3>
      <Position4>
        <Filename Value="main.pas"/>
        <Caret Line="86" Column="1" TopLine="66"/>
      </Position4>
      <Position5>
        <Filename Value="main.pas"/>
        <Caret Line="88" Column="1" TopLine="66"/>
      </Position5>
      <Position6>
        <Filename Value="main.pas"/>
        <Caret Line="86" Column="1" TopLine="66"/>
      </Position6>
      <Position7>
        <Filename Value="main.pas"/>
        <Caret Line="88" Column="1" TopLine="66"/>
      </Position7>
      <Position8>
        <Filename Value="main.pas"/>
        <Caret Line="97" Column="1" TopLine="66"/>
      </Position8>
      <Position9>
        <Filename Value="main.pas"/>
        <Caret Line="106" Column="1" TopLine="86"/>
      </Position9>
      <Position10>
        <Filename Value="main.pas"/>
        <Caret Line="108" Column="1" TopLine="86"/>
      </Position10>
      <Position11>
        <Filename Value="main.pas"/>
        <Caret Line="109" Column="1" TopLine="86"/>
      </Position11>
      <Position12>
        <Filename Value="main.pas"/>
        <Caret Line="110" Column="1" TopLine="86"/>
      </Position12>
      <Position13>
        <Filename Value="main.pas"/>
        <Caret Line="205" Column="1" TopLine="185"/>
      </Position13>
      <Position14>
        <Filename Value="main.pas"/>
        <Caret Line="200" Column="71" TopLine="160"/>
      </Position14>
      <Position15>
        <Filename Value="main.pas"/>
        <Caret Line="95" Column="37" TopLine="84"/>
      </Position15>
      <Position16>
        <Filename Value="main.pas"/>
        <Caret Line="92" Column="1" TopLine="57"/>
      </Position16>
      <Position17>
        <Filename Value="main.pas"/>
        <Caret Line="247" Column="1" TopLine="224"/>
      </Position17>
      <Position18>
        <Filename Value="main.pas"/>
        <Caret Line="258" Column="18" TopLine="226"/>
      </Position18>
      <Position19>
        <Filename Value="PDFPrint.lpr"/>
        <Caret Line="19" Column="1" TopLine="1"/>
      </Position19>
      <Position20>
        <Filename Value="main.pas"/>
        <Caret Line="256" Column="17" TopLine="221"/>
      </Position20>
      <Position21>
        <Filename Value="main.pas"/>
        <Caret Line="1" Column="1" TopLine="1"/>
      </Position21>
      <Position22>
        <Filename Value="main.pas"/>
        <Caret Line="32" Column="11" TopLine="1"/>
      </Position22>
      <Position23>
        <Filename Value="main.pas"/>
        <Caret Line="208" Column="9" TopLine="174"/>
      </Position23>
      <Position24>
        <Filename Value="main.pas"/>
        <Caret Line="247" Column="14" TopLine="213"/>
      </Position24>
      <Position25>
        <Filename Value="main.pas"/>
        <Caret Line="256" Column="15" TopLine="222"/>
      </Position25>
      <Position26>
        <Filename Value="main.pas"/>
        <Caret Line="6" Column="11" TopLine="1"/>
      </Position26>
      <Position27>
        <Filename Value="main.pas"/>
        <Caret Line="11" Column="11" TopLine="1"/>
      </Position27>
      <Position28>
        <Filename Value="main.pas"/>
        <Caret Line="209" Column="1" TopLine="197"/>
      </Position28>
      <Position29>
        <Filename Value="main.pas"/>
        <Caret Line="44" Column="72" TopLine="1"/>
      </Position29>
      <Position30>
        <Filename Value="main.pas"/>
        <Caret Line="29" Column="51" TopLine="1"/>
      </Position30>
    </JumpHistory>
  </ProjectOptions>
  <CompilerOptions>
    <Version Value="9"/>
    <PathDelim Value="\"/>
    <Target>
      <Filename Value="PDFPrint"/>
    </Target>
    <SearchPaths>
      <IncludeFiles Value="$(ProjOutDir)"/>
      <UnitOutputDirectory Value="lib\$(TargetCPU)-$(TargetOS)"/>
    </SearchPaths>
    <CodeGeneration>
      <SmartLinkUnit Value="True"/>
      <SmallerCode Value="True"/>
    </CodeGeneration>
    <Linking>
      <Debugging>
        <UseLineInfoUnit Value="False"/>
        <StripSymbols Value="True"/>
      </Debugging>
      <LinkSmart Value="True"/>
      <Options>
        <Win32>
          <GraphicApplication Value="True"/>
        </Win32>
      </Options>
    </Linking>
    <Other>
      <CompilerMessages>
        <UseMsgFile Value="True"/>
      </CompilerMessages>
      <CompilerPath Value="$(CompPath)"/>
    </Other>
  </CompilerOptions>
  <Debugging>
    <Exceptions Count="3">
      <Item1>
        <Name Value="EAbort"/>
      </Item1>
      <Item2>
        <Name Value="ECodetoolError"/>
      </Item2>
      <Item3>
        <Name Value="EFOpenError"/>
      </Item3>
    </Exceptions>
  </Debugging>
</CONFIG>
